
Microsoft Visual Studio Solution File, Format Version 12.00
Project("{FAE04EC0-301F-11D3-BF4B-00C04F79EFBC}") = "AnimalSource", "AnimalSource.csproj", "{89570B62-A018-4FBF-8C15-D07F96E952AF}"
EndProject
Global
	GlobalSection(SolutionConfigurationPlatforms) = preSolution
		Debug|Any CPU = Debug|Any CPU
		Release|Any CPU = Release|Any CPU
	EndGlobalSection
	GlobalSection(ProjectConfigurationPlatforms) = postSolution
		{89570B62-A018-4FBF-8C15-D07F96E952AF}.Debug|Any CPU.ActiveCfg = Debug|Any CPU
		{89570B62-A018-4FBF-8C15-D07F96E952AF}.Debug|Any CPU.Build.0 = Debug|Any CPU
		{89570B62-A018-4FBF-8C15-D07F96E952AF}.Release|Any CPU.ActiveCfg = Release|Any CPU
		{89570B62-A018-4FBF-8C15-D07F96E952AF}.Release|Any CPU.Build.0 = Release|Any CPU
	EndGlobalSection
EndGlobal
